
Microsoft Visual Studio Solution File, Format Version 12.00
Project("{FAE04EC0-301F-11D3-BF4B-00C04F79EFBC}") = "Notepad", "Notepad\Notepad.csproj", "{6DACFE54-E024-41DC-B708-F0D29BCE8A89}"
EndProject
Global
	GlobalSection(SolutionConfigurationPlatforms) = preSolution
		Debug|Any CPU = Debug|Any CPU
		Release|Any CPU = Release|Any CPU
	EndGlobalSection
	GlobalSection(ProjectConfigurationPlatforms) = postSolution
		{6DACFE54-E024-41DC-B708-F0D29BCE8A89}.Debug|Any CPU.ActiveCfg = Debug|Any CPU
		{6DACFE54-E024-41DC-B708-F0D29BCE8A89}.Debug|Any CPU.Build.0 = Debug|Any CPU
		{6DACFE54-E024-41DC-B708-F0D29BCE8A89}.Release|Any CPU.ActiveCfg = Release|Any CPU
		{6DACFE54-E024-41DC-B708-F0D29BCE8A89}.Release|Any CPU.Build.0 = Release|Any CPU
	EndGlobalSection
EndGlobal
